// !$*UTF8*$!
{
	archiveVersion = 1;
	classes = {
	};
	objectVersion = 50;
	objects = {

/* Begin PBXBuildFile section */
		1F69B1B920DB1985008CD521 /* AppDelegate.swift in Sources */ = {isa = PBXBuildFile; fileRef = 1F69B1B820DB1985008CD521 /* AppDelegate.swift */; };
		1F69B1BE20DB1985008CD521 /* Main.storyboard in Resources */ = {isa = PBXBuildFile; fileRef = 1F69B1BC20DB1985008CD521 /* Main.storyboard */; };
		1F69B1C020DB1986008CD521 /* Assets.xcassets in Resources */ = {isa = PBXBuildFile; fileRef = 1F69B1BF20DB1986008CD521 /* Assets.xcassets */; };
		1F69B1C320DB1986008CD521 /* LaunchScreen.storyboard in Resources */ = {isa = PBXBuildFile; fileRef = 1F69B1C120DB1986008CD521 /* LaunchScreen.storyboard */; };
		1F69B1CB20DB19CD008CD521 /* TableViewController.swift in Sources */ = {isa = PBXBuildFile; fileRef = 1F69B1CA20DB19CD008CD521 /* TableViewController.swift */; };
		1F69B1CD20DB1A4C008CD521 /* ImageTableViewCell.swift in Sources */ = {isa = PBXBuildFile; fileRef = 1F69B1CC20DB1A4C008CD521 /* ImageTableViewCell.swift */; };
		1F69B1CF20DB1A5A008CD521 /* VideoTableViewCell.swift in Sources */ = {isa = PBXBuildFile; fileRef = 1F69B1CE20DB1A5A008CD521 /* VideoTableViewCell.swift */; };
/* End PBXBuildFile section */

/* Begin PBXFileReference section */
		1F69B1B520DB1985008CD521 /* BraidMaster.app */ = {isa = PBXFileReference; explicitFileType = wrapper.application; includeInIndex = 0; path = BraidMaster.app; sourceTree = BUILT_PRODUCTS_DIR; };
		1F69B1B820DB1985008CD521 /* AppDelegate.swift */ = {isa = PBXFileReference; lastKnownFileType = sourcecode.swift; path = AppDelegate.swift; sourceTree = "<group>"; };
		1F69B1BD20DB1985008CD521 /* Base */ = {isa = PBXFileReference; lastKnownFileType = file.storyboard; name = Base; path = Base.lproj/Main.storyboard; sourceTree = "<group>"; };
		1F69B1BF20DB1986008CD521 /* Assets.xcassets */ = {isa = PBXFileReference; lastKnownFileType = folder.assetcatalog; path = Assets.xcassets; sourceTree = "<group>"; };
		1F69B1C220DB1986008CD521 /* Base */ = {isa = PBXFileReference; lastKnownFileType = file.storyboard; name = Base; path = Base.lproj/LaunchScreen.storyboard; sourceTree = "<group>"; };
		1F69B1C420DB1986008CD521 /* Info.plist */ = {isa = PBXFileReference; lastKnownFileType = text.plist.xml; path = Info.plist; sourceTree = "<group>"; };
		1F69B1CA20DB19CD008CD521 /* TableViewController.swift */ = {isa = PBXFileReference; lastKnownFileType = sourcecode.swift; path = TableViewController.swift; sourceTree = "<group>"; };
		1F69B1CC20DB1A4C008CD521 /* ImageTableViewCell.swift */ = {isa = PBXFileReference; lastKnownFileType = sourcecode.swift; path = ImageTableViewCell.swift; sourceTree = "<group>"; };
		1F69B1CE20DB1A5A008CD521 /* VideoTableViewCell.swift */ = {isa = PBXFileReference; lastKnownFileType = sourcecode.swift; path = VideoTableViewCell.swift; sourceTree = "<group>"; };
/* End PBXFileReference section */

/* Begin PBXFrameworksBuildPhase section */
		1F69B1B220DB1985008CD521 /* Frameworks */ = {
			isa = PBXFrameworksBuildPhase;
			buildActionMask = 2147483647;
			files = (
			);
			runOnlyForDeploymentPostprocessing = 0;
		};
/* End PBXFrameworksBuildPhase section */

/* Begin PBXGroup section */
		1F69B1AC20DB1985008CD521 = {
			isa = PBXGroup;
			children = (
				1F69B1B720DB1985008CD521 /* BraidMaster */,
				1F69B1B620DB1985008CD521 /* Products */,
			);
			sourceTree = "<group>";
		};
		1F69B1B620DB1985008CD521 /* Products */ = {
			isa = PBXGroup;
			children = (
				1F69B1B520DB1985008CD521 /* BraidMaster.app */,
			);
			name = Products;
			sourceTree = "<group>";
		};
		1F69B1B720DB1985008CD521 /* BraidMaster */ = {
			isa = PBXGroup;
			children = (
				1F69B1B820DB1985008CD521 /* AppDelegate.swift */,
				1F69B1BC20DB1985008CD521 /* Main.storyboard */,
				1F69B1CC20DB1A4C008CD521 /* ImageTableViewCell.swift */,
				1F69B1CE20DB1A5A008CD521 /* VideoTableViewCell.swift */,
				1F69B1CA20DB19CD008CD521 /* TableViewController.swift */,
				1F69B1BF20DB1986008CD521 /* Assets.xcassets */,
				1F69B1C120DB1986008CD521 /* LaunchScreen.storyboard */,
				1F69B1C420DB1986008CD521 /* Info.plist */,
			);
			path = BraidMaster;
			sourceTree = "<group>";
		};
/* End PBXGroup section */

/* Begin PBXNativeTarget section */
		1F69B1B420DB1985008CD521 /* BraidMaster */ = {
			isa = PBXNativeTarget;
			buildConfigurationList = 1F69B1C720DB1986008CD521 /* Build configuration list for PBXNativeTarget "BraidMaster" */;
			buildPhases = (
				1F69B1B120DB1985008CD521 /* Sources */,
				1F69B1B220DB1985008CD521 /* Frameworks */,
				1F69B1B320DB1985008CD521 /* Resources */,
			);
			buildRules = (
			);
			dependencies = (
			);
			name = BraidMaster;
			productName = BraidMaster;
			productReference = 1F69B1B520DB1985008CD521 /* BraidMaster.app */;
			productType = "com.apple.product-type.application";
		};
/* End PBXNativeTarget section */

/* Begin PBXProject section */
		1F69B1AD20DB1985008CD521 /* Project object */ = {
			isa = PBXProject;
			attributes = {
				LastSwiftUpdateCheck = 0940;
				LastUpgradeCheck = 0940;
				ORGANIZATIONNAME = "Kirill Lukyanov";
				TargetAttributes = {
					1F69B1B420DB1985008CD521 = {
						CreatedOnToolsVersion = 9.4.1;
					};
				};
			};
			buildConfigurationList = 1F69B1B020DB1985008CD521 /* Build configuration list for PBXProject "BraidMaster" */;
			compatibilityVersion = "Xcode 9.3";
			developmentRegion = en;
			hasScannedForEncodings = 0;
			knownRegions = (
				en,
				Base,
			);
			mainGroup = 1F69B1AC20DB1985008CD521;
			productRefGroup = 1F69B1B620DB1985008CD521 /* Products */;
			projectDirPath = "";
			projectRoot = "";
			targets = (
				1F69B1B420DB1985008CD521 /* BraidMaster */,
			);
		};
/* End PBXProject section */

/* Begin PBXResourcesBuildPhase section */
		1F69B1B320DB1985008CD521 /* Resources */ = {
			isa = PBXResourcesBuildPhase;
			buildActionMask = 2147483647;
			files = (
				1F69B1C320DB1986008CD521 /* LaunchScreen.storyboard in Resources */,
				1F69B1C020DB1986008CD521 /* Assets.xcassets in Resources */,
				1F69B1BE20DB1985008CD521 /* Main.storyboard in Resources */,
			);
			runOnlyForDeploymentPostprocessing = 0;
		};
/* End PBXResourcesBuildPhase section */

/* Begin PBXSourcesBuildPhase section */
		1F69B1B120DB1985008CD521 /* Sources */ = {
			isa = PBXSourcesBuildPhase;
			buildActionMask = 2147483647;
			files = (
				1F69B1CD20DB1A4C008CD521 /* ImageTableViewCell.swift in Sources */,
				1F69B1CF20DB1A5A008CD521 /* VideoTableViewCell.swift in Sources */,
				1F69B1B920DB1985008CD521 /* AppDelegate.swift in Sources */,
				1F69B1CB20DB19CD008CD521 /* TableViewController.swift in Sources */,
			);
			runOnlyForDeploymentPostprocessing = 0;
		};
/* End PBXSourcesBuildPhase section */

/* Begin PBXVariantGroup section */
		1F69B1BC20DB1985008CD521 /* Main.storyboard */ = {
			isa = PBXVariantGroup;
			children = (
				1F69B1BD20DB1985008CD521 /* Base */,
			);
			name = Main.storyboard;
			sourceTree = "<group>";
		};
		1F69B1C120DB1986008CD521 /* LaunchScreen.storyboard */ = {
			isa = PBXVariantGroup;
			children = (
				1F69B1C220DB1986008CD521 /* Base */,
			);
			name = LaunchScreen.storyboard;
			sourceTree = "<group>";
		};
/* End PBXVariantGroup section */

/* Begin XCBuildConfiguration section */
		1F69B1C520DB1986008CD521 /* Debug */ = {
			isa = XCBuildConfiguration;
			buildSettings = {
				ALWAYS_SEARCH_USER_PATHS = NO;
				CLANG_ANALYZER_NONNULL = YES;
				CLANG_ANALYZER_NUMBER_OBJECT_CONVERSION = YES_AGGRESSIVE;
				CLANG_CXX_LANGUAGE_STANDARD = "gnu++14";
				CLANG_CXX_LIBRARY = "libc++";
				CLANG_ENABLE_MODULES = YES;
				CLANG_ENABLE_OBJC_ARC = YES;
				CLANG_ENABLE_OBJC_WEAK = YES;
				CLANG_WARN_BLOCK_CAPTURE_AUTORELEASING = YES;
				CLANG_WARN_BOOL_CONVERSION = YES;
				CLANG_WARN_COMMA = YES;
				CLANG_WARN_CONSTANT_CONVERSION = YES;
				CLANG_WARN_DEPRECATED_OBJC_IMPLEMENTATIONS = YES;
				CLANG_WARN_DIRECT_OBJC_ISA_USAGE = YES_ERROR;
				CLANG_WARN_DOCUMENTATION_COMMENTS = YES;
				CLANG_WARN_EMPTY_BODY = YES;
				CLANG_WARN_ENUM_CONVERSION = YES;
				CLANG_WARN_INFINITE_RECURSION = YES;
				CLANG_WARN_INT_CONVERSION = YES;
				CLANG_WARN_NON_LITERAL_NULL_CONVERSION = YES;
				CLANG_WARN_OBJC_IMPLICIT_RETAIN_SELF = YES;
				CLANG_WARN_OBJC_LITERAL_CONVERSION = YES;
				CLANG_WARN_OBJC_ROOT_CLASS = YES_ERROR;
				CLANG_WARN_RANGE_LOOP_ANALYSIS = YES;
				CLANG_WARN_STRICT_PROTOTYPES = YES;
				CLANG_WARN_SUSPICIOUS_MOVE = YES;
				CLANG_WARN_UNGUARDED_AVAILABILITY = YES_AGGRESSIVE;
				CLANG_WARN_UNREACHABLE_CODE = YES;
				CLANG_WARN__DUPLICATE_METHOD_MATCH = YES;
				CODE_SIGN_IDENTITY = "iPhone Developer";
				COPY_PHASE_STRIP = NO;
				DEBUG_INFORMATION_FORMAT = dwarf;
				ENABLE_STRICT_OBJC_MSGSEND = YES;
				ENABLE_TESTABILITY = YES;
				GCC_C_LANGUAGE_STANDARD = gnu11;
				GCC_DYNAMIC_NO_PIC = NO;
				GCC_NO_COMMON_BLOCKS = YES;
				GCC_OPTIMIZATION_LEVEL = 0;
				GCC_PREPROCESSOR_DEFINITIONS = (
					"DEBUG=1",
					"$(inherited)",
				);
				GCC_WARN_64_TO_32_BIT_CONVERSION = YES;
				GCC_WARN_ABOUT_RETURN_TYPE = YES_ERROR;
				GCC_WARN_UNDECLARED_SELECTOR = YES;
				GCC_WARN_UNINITIALIZED_AUTOS = YES_AGGRESSIVE;
				GCC_WARN_UNUSED_FUNCTION = YES;
				GCC_WARN_UNUSED_VARIABLE = YES;
				IPHONEOS_DEPLOYMENT_TARGET = 11.3;
				MTL_ENABLE_DEBUG_INFO = YES;
				ONLY_ACTIVE_ARCH = YES;
				SDKROOT = iphoneos;
				SWIFT_ACTIVE_COMPILATION_CONDITIONS = DEBUG;
				SWIFT_OPTIMIZATION_LEVEL = "-Onone";
			};
			name = Debug;
		};
		1F69B1C620DB1986008CD521 /* Release */ = {
			isa = XCBuildConfiguration;
			buildSettings = {
				ALWAYS_SEARCH_USER_PATHS = NO;
				CLANG_ANALYZER_NONNULL = YES;
				CLANG_ANALYZER_NUMBER_OBJECT_CONVERSION = YES_AGGRESSIVE;
				CLANG_CXX_LANGUAGE_STANDARD = "gnu++14";
				CLANG_CXX_LIBRARY = "libc++";
				CLANG_ENABLE_MODULES = YES;
				CLANG_ENABLE_OBJC_ARC = YES;
				CLANG_ENABLE_OBJC_WEAK = YES;
				CLANG_WARN_BLOCK_CAPTURE_AUTORELEASING = YES;
				CLANG_WARN_BOOL_CONVERSION = YES;
				CLANG_WARN_COMMA = YES;
				CLANG_WARN_CONSTANT_CONVERSION = YES;
				CLANG_WARN_DEPRECATED_OBJC_IMPLEMENTATIONS = YES;
				CLANG_WARN_DIRECT_OBJC_ISA_USAGE = YES_ERROR;
				CLANG_WARN_DOCUMENTATION_COMMENTS = YES;
				CLANG_WARN_EMPTY_BODY = YES;
				CLANG_WARN_ENUM_CONVERSION = YES;
				CLANG_WARN_INFINITE_RECURSION = YES;
				CLANG_WARN_INT_CONVERSION = YES;
				CLANG_WARN_NON_LITERAL_NULL_CONVERSION = YES;
				CLANG_WARN_OBJC_IMPLICIT_RETAIN_SELF = YES;
				CLANG_WARN_OBJC_LITERAL_CONVERSION = YES;
				CLANG_WARN_OBJC_ROOT_CLASS = YES_ERROR;
				CLANG_WARN_RANGE_LOOP_ANALYSIS = YES;
				CLANG_WARN_STRICT_PROTOTYPES = YES;
				CLANG_WARN_SUSPICIOUS_MOVE = YES;
				CLANG_WARN_UNGUARDED_AVAILABILITY = YES_AGGRESSIVE;
				CLANG_WARN_UNREACHABLE_CODE = YES;
				CLANG_WARN__DUPLICATE_METHOD_MATCH = YES;
				CODE_SIGN_IDENTITY = "iPhone Developer";
				COPY_PHASE_STRIP = NO;
				DEBUG_INFORMATION_FORMAT = "dwarf-with-dsym";
				ENABLE_NS_ASSERTIONS = NO;
				ENABLE_STRICT_OBJC_MSGSEND = YES;
				GCC_C_LANGUAGE_STANDARD = gnu11;
				GCC_NO_COMMON_BLOCKS = YES;
				GCC_WARN_64_TO_32_BIT_CONVERSION = YES;
				GCC_WARN_ABOUT_RETURN_TYPE = YES_ERROR;
				GCC_WARN_UNDECLARED_SELECTOR = YES;
				GCC_WARN_UNINITIALIZED_AUTOS = YES_AGGRESSIVE;
				GCC_WARN_UNUSED_FUNCTION = YES;
				GCC_WARN_UNUSED_VARIABLE = YES;
				IPHONEOS_DEPLOYMENT_TARGET = 11.3;
				MTL_ENABLE_DEBUG_INFO = NO;
				SDKROOT = iphoneos;
				SWIFT_COMPILATION_MODE = wholemodule;
				SWIFT_OPTIMIZATION_LEVEL = "-O";
				VALIDATE_PRODUCT = YES;
			};
			name = Release;
		};
		1F69B1C820DB1986008CD521 /* Debug */ = {
			isa = XCBuildConfiguration;
			buildSettings = {
				ASSETCATALOG_COMPILER_APPICON_NAME = AppIcon;
				CODE_SIGN_STYLE = Automatic;
				DEVELOPMENT_TEAM = 5Z8WGUCB39;
				INFOPLIST_FILE = BraidMaster/Info.plist;
				LD_RUNPATH_SEARCH_PATHS = (
					"$(inherited)",
					"@executable_path/Frameworks",
				);
				PRODUCT_BUNDLE_IDENTIFIER = home.BraidMaster;
				PRODUCT_NAME = "$(TARGET_NAME)";
				SWIFT_VERSION = 4.0;
				TARGETED_DEVICE_FAMILY = "1,2";
			};
			name = Debug;
		};
		1F69B1C920DB1986008CD521 /* Release */ = {
			isa = XCBuildConfiguration;
			buildSettings = {
				ASSETCATALOG_COMPILER_APPICON_NAME = AppIcon;
				CODE_SIGN_STYLE = Automatic;
				DEVELOPMENT_TEAM = 5Z8WGUCB39;
				INFOPLIST_FILE = BraidMaster/Info.plist;
				LD_RUNPATH_SEARCH_PATHS = (
					"$(inherited)",
					"@executable_path/Frameworks",
				);
				PRODUCT_BUNDLE_IDENTIFIER = home.BraidMaster;
				PRODUCT_NAME = "$(TARGET_NAME)";
				SWIFT_VERSION = 4.0;
				TARGETED_DEVICE_FAMILY = "1,2";
			};
			name = Release;
		};
/* End XCBuildConfiguration section */

/* Begin XCConfigurationList section */
		1F69B1B020DB1985008CD521 /* Build configuration list for PBXProject "BraidMaster" */ = {
			isa = XCConfigurationList;
			buildConfigurations = (
				1F69B1C520DB1986008CD521 /* Debug */,
				1F69B1C620DB1986008CD521 /* Release */,
			);
			defaultConfigurationIsVisible = 0;
			defaultConfigurationName = Release;
		};
		1F69B1C720DB1986008CD521 /* Build configuration list for PBXNativeTarget "BraidMaster" */ = {
			isa = XCConfigurationList;
			buildConfigurations = (
				1F69B1C820DB1986008CD521 /* Debug */,
				1F69B1C920DB1986008CD521 /* Release */,
			);
			defaultConfigurationIsVisible = 0;
			defaultConfigurationName = Release;
		};
/* End XCConfigurationList section */
	};
	rootObject = 1F69B1AD20DB1985008CD521 /* Project object */;
}
